
Microsoft Visual Studio Solution File, Format Version 12.00
# Visual Studio Version 17
VisualStudioVersion = 17.13.35806.99
MinimumVisualStudioVersion = 10.0.40219.1
Project("{FAE04EC0-301F-11D3-BF4B-00C04F79EFBC}") = "CompanyIntranet", "CompanyIntranet\CompanyIntranet.csproj", "{F8F34231-38CE-4F55-8DF1-9D4298D795EE}"
EndProject
Project("{FAE04EC0-301F-11D3-BF4B-00C04F79EFBC}") = "CompanyIntranet.Tests", "CompanyIntranet.Tests\CompanyIntranet.Tests.csproj", "{EE2E848C-C3AB-423A-9EE9-720EED2B2797}"
EndProject
Global
	GlobalSection(SolutionConfigurationPlatforms) = preSolution
		Debug|Any CPU = Debug|Any CPU
		Release|Any CPU = Release|Any CPU
	EndGlobalSection
	GlobalSection(ProjectConfigurationPlatforms) = postSolution
		{F8F34231-38CE-4F55-8DF1-9D4298D795EE}.Debug|Any CPU.ActiveCfg = Debug|Any CPU
		{F8F34231-38CE-4F55-8DF1-9D4298D795EE}.Debug|Any CPU.Build.0 = Debug|Any CPU
		{F8F34231-38CE-4F55-8DF1-9D4298D795EE}.Release|Any CPU.ActiveCfg = Release|Any CPU
		{F8F34231-38CE-4F55-8DF1-9D4298D795EE}.Release|Any CPU.Build.0 = Release|Any CPU
		{EE2E848C-C3AB-423A-9EE9-720EED2B2797}.Debug|Any CPU.ActiveCfg = Debug|Any CPU
		{EE2E848C-C3AB-423A-9EE9-720EED2B2797}.Debug|Any CPU.Build.0 = Debug|Any CPU
		{EE2E848C-C3AB-423A-9EE9-720EED2B2797}.Release|Any CPU.ActiveCfg = Release|Any CPU
		{EE2E848C-C3AB-423A-9EE9-720EED2B2797}.Release|Any CPU.Build.0 = Release|Any CPU
	EndGlobalSection
	GlobalSection(SolutionProperties) = preSolution
		HideSolutionNode = FALSE
	EndGlobalSection
	GlobalSection(ExtensibilityGlobals) = postSolution
		SolutionGuid = {46C8846F-1E60-4C73-ADAA-07AF78B2D1D3}
	EndGlobalSection
EndGlobal
